PODS:
  - CatalogByConvention (2.5.1)
  - MotionAnimator (4.0.1):
    - MotionInterchange (~> 3.0)
  - MotionInterchange (3.0.0)

DEPENDENCIES:
  - CatalogByConvention
  - MotionAnimator (from `./`)

SPEC REPOS:
  trunk:
    - CatalogByConvention
    - MotionInterchange

EXTERNAL SOURCES:
  MotionAnimator:
    :path: "./"

SPEC CHECKSUMS:
  CatalogByConvention: 2b58a9b64e5b1049abb5d3f8e764a551bbe843a7
  MotionAnimator: 0ca495182cae31240fd6fd42de861b312c022987
  MotionInterchange: 13adae439b377e31d1674cc165539d50e1d1566a

PODFILE CHECKSUM: 3537bf01c11174928ac008c20fec4738722e96f3

COCOAPODS: 1.9.3
