PODS:
  - CatalogByConvention (2.5.1)
  - MotionAnimator (4.0.0):
    - MotionInterchange (~> 3.0)
  - MotionInterchange (3.0.0)

DEPENDENCIES:
  - CatalogByConvention
  - MotionAnimator (from `./`)

SPEC REPOS:
  https://github.com/cocoapods/specs.git:
    - CatalogByConvention
    - MotionInterchange

EXTERNAL SOURCES:
  MotionAnimator:
    :path: "./"

SPEC CHECKSUMS:
  CatalogByConvention: 2b58a9b64e5b1049abb5d3f8e764a551bbe843a7
  MotionAnimator: 3a22c094f2a9c21c98cee9e69b6407d1e1fff654
  MotionInterchange: 13adae439b377e31d1674cc165539d50e1d1566a

PODFILE CHECKSUM: 3537bf01c11174928ac008c20fec4738722e96f3

COCOAPODS: 1.6.0
